
Microsoft Visual Studio Solution File, Format Version 12.00
# Visual Studio Version 17
VisualStudioVersion = 17.0.32126.317
MinimumVisualStudioVersion = 10.0.40219.1
Project("{9A19103F-16F7-4668-BE54-9A1E7A4F7556}") = "03-Funzioni-matematiche", "03-Funzioni-matematiche\03-Funzioni-matematiche.csproj", "{69A1AE17-823A-4119-8BD8-7C574D51691D}"
EndProject
Global
	GlobalSection(SolutionConfigurationPlatforms) = preSolution
		Debug|Any CPU = Debug|Any CPU
		Release|Any CPU = Release|Any CPU
	EndGlobalSection
	GlobalSection(ProjectConfigurationPlatforms) = postSolution
		{69A1AE17-823A-4119-8BD8-7C574D51691D}.Debug|Any CPU.ActiveCfg = Debug|Any CPU
		{69A1AE17-823A-4119-8BD8-7C574D51691D}.Debug|Any CPU.Build.0 = Debug|Any CPU
		{69A1AE17-823A-4119-8BD8-7C574D51691D}.Release|Any CPU.ActiveCfg = Release|Any CPU
		{69A1AE17-823A-4119-8BD8-7C574D51691D}.Release|Any CPU.Build.0 = Release|Any CPU
	EndGlobalSection
	GlobalSection(SolutionProperties) = preSolution
		HideSolutionNode = FALSE
	EndGlobalSection
	GlobalSection(ExtensibilityGlobals) = postSolution
		SolutionGuid = {456D5DCE-0932-4EB8-9AAE-A04229F57BBD}
	EndGlobalSection
EndGlobal
