
Microsoft Visual Studio Solution File, Format Version 12.00
# Visual Studio Version 17
VisualStudioVersion = 17.0.32126.317
MinimumVisualStudioVersion = 10.0.40219.1
Project("{9A19103F-16F7-4668-BE54-9A1E7A4F7556}") = "04-01-PallinaSingola", "04-Palline\04-01-PallinaSingola\04-01-PallinaSingola.csproj", "{1271675C-8C61-4F99-8A40-B45F3F1E305D}"
EndProject
Project("{9A19103F-16F7-4668-BE54-9A1E7A4F7556}") = "04-02-ArrayPalline", "04-Palline\04-02-ArrayPalline\04-02-ArrayPalline.csproj", "{3F39E1E1-7462-4685-8BFA-FD942C77A046}"
EndProject
Project("{9A19103F-16F7-4668-BE54-9A1E7A4F7556}") = "04-03-ArrayPalline", "04-Palline\04-03-ThreadPalline\04-03-ArrayPalline.csproj", "{05D0E0CB-64AD-42D4-A530-AA3282BB3F12}"
EndProject
Global
	GlobalSection(SolutionConfigurationPlatforms) = preSolution
		Debug|Any CPU = Debug|Any CPU
		Release|Any CPU = Release|Any CPU
	EndGlobalSection
	GlobalSection(ProjectConfigurationPlatforms) = postSolution
		{1271675C-8C61-4F99-8A40-B45F3F1E305D}.Debug|Any CPU.ActiveCfg = Debug|Any CPU
		{1271675C-8C61-4F99-8A40-B45F3F1E305D}.Debug|Any CPU.Build.0 = Debug|Any CPU
		{1271675C-8C61-4F99-8A40-B45F3F1E305D}.Release|Any CPU.ActiveCfg = Release|Any CPU
		{1271675C-8C61-4F99-8A40-B45F3F1E305D}.Release|Any CPU.Build.0 = Release|Any CPU
		{3F39E1E1-7462-4685-8BFA-FD942C77A046}.Debug|Any CPU.ActiveCfg = Debug|Any CPU
		{3F39E1E1-7462-4685-8BFA-FD942C77A046}.Debug|Any CPU.Build.0 = Debug|Any CPU
		{3F39E1E1-7462-4685-8BFA-FD942C77A046}.Release|Any CPU.ActiveCfg = Release|Any CPU
		{3F39E1E1-7462-4685-8BFA-FD942C77A046}.Release|Any CPU.Build.0 = Release|Any CPU
		{05D0E0CB-64AD-42D4-A530-AA3282BB3F12}.Debug|Any CPU.ActiveCfg = Debug|Any CPU
		{05D0E0CB-64AD-42D4-A530-AA3282BB3F12}.Debug|Any CPU.Build.0 = Debug|Any CPU
		{05D0E0CB-64AD-42D4-A530-AA3282BB3F12}.Release|Any CPU.ActiveCfg = Release|Any CPU
		{05D0E0CB-64AD-42D4-A530-AA3282BB3F12}.Release|Any CPU.Build.0 = Release|Any CPU
	EndGlobalSection
	GlobalSection(SolutionProperties) = preSolution
		HideSolutionNode = FALSE
	EndGlobalSection
	GlobalSection(ExtensibilityGlobals) = postSolution
		SolutionGuid = {456D5DCE-0932-4EB8-9AAE-A04229F57BBD}
	EndGlobalSection
EndGlobal
