
Microsoft Visual Studio Solution File, Format Version 12.00
# Visual Studio Version 17
VisualStudioVersion = 17.4.33110.190
MinimumVisualStudioVersion = 10.0.40219.1
Project("{FAE04EC0-301F-11D3-BF4B-00C04F79EFBC}") = "06-01-Concurrency", "06-01-Concurrency\06-01-Concurrency.csproj", "{0C8A792A-7418-4842-9340-BF6E7C36622F}"
EndProject
Project("{FAE04EC0-301F-11D3-BF4B-00C04F79EFBC}") = "06-02-Lock", "06-02-Lock\06-02-Lock.csproj", "{F1BDD29C-CE9A-4EE4-846A-A2D51C2EC752}"
EndProject
Global
	GlobalSection(SolutionConfigurationPlatforms) = preSolution
		Debug|Any CPU = Debug|Any CPU
		Release|Any CPU = Release|Any CPU
	EndGlobalSection
	GlobalSection(ProjectConfigurationPlatforms) = postSolution
		{0C8A792A-7418-4842-9340-BF6E7C36622F}.Debug|Any CPU.ActiveCfg = Debug|Any CPU
		{0C8A792A-7418-4842-9340-BF6E7C36622F}.Debug|Any CPU.Build.0 = Debug|Any CPU
		{0C8A792A-7418-4842-9340-BF6E7C36622F}.Release|Any CPU.ActiveCfg = Release|Any CPU
		{0C8A792A-7418-4842-9340-BF6E7C36622F}.Release|Any CPU.Build.0 = Release|Any CPU
		{F1BDD29C-CE9A-4EE4-846A-A2D51C2EC752}.Debug|Any CPU.ActiveCfg = Debug|Any CPU
		{F1BDD29C-CE9A-4EE4-846A-A2D51C2EC752}.Debug|Any CPU.Build.0 = Debug|Any CPU
		{F1BDD29C-CE9A-4EE4-846A-A2D51C2EC752}.Release|Any CPU.ActiveCfg = Release|Any CPU
		{F1BDD29C-CE9A-4EE4-846A-A2D51C2EC752}.Release|Any CPU.Build.0 = Release|Any CPU
	EndGlobalSection
	GlobalSection(SolutionProperties) = preSolution
		HideSolutionNode = FALSE
	EndGlobalSection
	GlobalSection(ExtensibilityGlobals) = postSolution
		SolutionGuid = {80D001BB-9AAF-4CBC-932F-E034F5C7A624}
	EndGlobalSection
EndGlobal
